// !$*UTF8*$!
{
	archiveVersion = 1;
	classes = {
	};
	objectVersion = 77;
	objects = {

/* Begin PBXBuildFile section */
		4E280D802DFD4D5F00D309D5 /* BlackWhiteFilterView.swift in Sources */ = {isa = PBXBuildFile; fileRef = 4E280D7B2DFD4D5F00D309D5 /* BlackWhiteFilterView.swift */; };
		4E280D812DFD4D5F00D309D5 /* ContentView.swift in Sources */ = {isa = PBXBuildFile; fileRef = 4E280D7C2DFD4D5F00D309D5 /* ContentView.swift */; };
		4E280D822DFD4D5F00D309D5 /* ImagePicker.swift in Sources */ = {isa = PBXBuildFile; fileRef = 4E280D7D2DFD4D5F00D309D5 /* ImagePicker.swift */; };
		4E280D832DFD4D5F00D309D5 /* PhotoEditAppApp.swift in Sources */ = {isa = PBXBuildFile; fileRef = 4E280D7E2DFD4D5F00D309D5 /* PhotoEditAppApp.swift */; };
		4E280D842DFD4D5F00D309D5 /* Assets.xcassets in Resources */ = {isa = PBXBuildFile; fileRef = 4E280D7A2DFD4D5F00D309D5 /* Assets.xcassets */; };
		4E280D882DFD4E9B00D309D5 /* FreeformCropView.swift in Sources */ = {isa = PBXBuildFile; fileRef = 4E280D872DFD4E9B00D309D5 /* FreeformCropView.swift */; };
		4E280D8A2DFD4EB200D309D5 /* DrawingOverlay.swift in Sources */ = {isa = PBXBuildFile; fileRef = 4E280D892DFD4EB200D309D5 /* DrawingOverlay.swift */; };
		4E280D8D2DFD54A500D309D5 /* AdvancedEditorView.swift in Sources */ = {isa = PBXBuildFile; fileRef = 4E280D8C2DFD54A500D309D5 /* AdvancedEditorView.swift */; };
		4E280D902DFD571500D309D5 /* StartView.swift in Sources */ = {isa = PBXBuildFile; fileRef = 4E280D8F2DFD571500D309D5 /* StartView.swift */; };
		4E280D922DFD572E00D309D5 /* HomeView.swift in Sources */ = {isa = PBXBuildFile; fileRef = 4E280D912DFD572E00D309D5 /* HomeView.swift */; };
		4E280D942DFD576B00D309D5 /* CropView.swift in Sources */ = {isa = PBXBuildFile; fileRef = 4E280D932DFD576B00D309D5 /* CropView.swift */; };
		4E280D972DFD5BC200D309D5 /* TextOverlayView.swift in Sources */ = {isa = PBXBuildFile; fileRef = 4E280D962DFD5BC200D309D5 /* TextOverlayView.swift */; };
		4E280D9C2DFD5CED00D309D5 /* SaturationView.swift in Sources */ = {isa = PBXBuildFile; fileRef = 4E280D9B2DFD5CED00D309D5 /* SaturationView.swift */; };
		4E280D9F2DFD5D0F00D309D5 /* ShadowEffectView.swift in Sources */ = {isa = PBXBuildFile; fileRef = 4E280D9E2DFD5D0F00D309D5 /* ShadowEffectView.swift */; };
		4E280DA12DFD5D2600D309D5 /* BrightnessView.swift in Sources */ = {isa = PBXBuildFile; fileRef = 4E280DA02DFD5D2600D309D5 /* BrightnessView.swift */; };
		4E280DA52DFD5D9200D309D5 /* CoreDataManager.swift in Sources */ = {isa = PBXBuildFile; fileRef = 4E280DA42DFD5D9200D309D5 /* CoreDataManager.swift */; };
		4E280DA82DFD5DB100D309D5 /* SaveButtonView.swift in Sources */ = {isa = PBXBuildFile; fileRef = 4E280DA72DFD5DB100D309D5 /* SaveButtonView.swift */; };
		4E280DAB2DFD5DF500D309D5 /* SavedImagesView.swift in Sources */ = {isa = PBXBuildFile; fileRef = 4E280DAA2DFD5DF500D309D5 /* SavedImagesView.swift */; };
		4E280DAE2DFD5EAB00D309D5 /* Model.xcdatamodeld in Sources */ = {isa = PBXBuildFile; fileRef = 4E280DAC2DFD5EAB00D309D5 /* Model.xcdatamodeld */; };
		4E280DB12DFD606D00D309D5 /* PhotoEditorViewModel.swift in Sources */ = {isa = PBXBuildFile; fileRef = 4E280DB02DFD606D00D309D5 /* PhotoEditorViewModel.swift */; };
		4E280DB32DFD6A0A00D309D5 /* NeonButtonStyle.swift in Sources */ = {isa = PBXBuildFile; fileRef = 4E280DB22DFD6A0A00D309D5 /* NeonButtonStyle.swift */; };
/* End PBXBuildFile section */

/* Begin PBXContainerItemProxy section */
		4E280CF62DFD456400D309D5 /* PBXContainerItemProxy */ = {
			isa = PBXContainerItemProxy;
			containerPortal = 4E280CE02DFD456000D309D5 /* Project object */;
			proxyType = 1;
			remoteGlobalIDString = 4E280CE72DFD456000D309D5;
			remoteInfo = PhotoEditApp;
		};
		4E280D002DFD456400D309D5 /* PBXContainerItemProxy */ = {
			isa = PBXContainerItemProxy;
			containerPortal = 4E280CE02DFD456000D309D5 /* Project object */;
			proxyType = 1;
			remoteGlobalIDString = 4E280CE72DFD456000D309D5;
			remoteInfo = PhotoEditApp;
		};
/* End PBXContainerItemProxy section */

/* Begin PBXFileReference section */
		4E280CE82DFD456000D309D5 /* PhotoEditApp.app */ = {isa = PBXFileReference; explicitFileType = wrapper.application; includeInIndex = 0; path = PhotoEditApp.app; sourceTree = BUILT_PRODUCTS_DIR; };
		4E280CF52DFD456400D309D5 /* PhotoEditAppTests.xctest */ = {isa = PBXFileReference; explicitFileType = wrapper.cfbundle; includeInIndex = 0; path = PhotoEditAppTests.xctest; sourceTree = BUILT_PRODUCTS_DIR; };
		4E280CFF2DFD456400D309D5 /* PhotoEditAppUITests.xctest */ = {isa = PBXFileReference; explicitFileType = wrapper.cfbundle; includeInIndex = 0; path = PhotoEditAppUITests.xctest; sourceTree = BUILT_PRODUCTS_DIR; };
		4E280D7A2DFD4D5F00D309D5 /* Assets.xcassets */ = {isa = PBXFileReference; lastKnownFileType = folder.assetcatalog; path = Assets.xcassets; sourceTree = "<group>"; };
		4E280D7B2DFD4D5F00D309D5 /* BlackWhiteFilterView.swift */ = {isa = PBXFileReference; lastKnownFileType = sourcecode.swift; path = BlackWhiteFilterView.swift; sourceTree = "<group>"; };
		4E280D7C2DFD4D5F00D309D5 /* ContentView.swift */ = {isa = PBXFileReference; lastKnownFileType = sourcecode.swift; path = ContentView.swift; sourceTree = "<group>"; };
		4E280D7D2DFD4D5F00D309D5 /* ImagePicker.swift */ = {isa = PBXFileReference; lastKnownFileType = sourcecode.swift; path = ImagePicker.swift; sourceTree = "<group>"; };
		4E280D7E2DFD4D5F00D309D5 /* PhotoEditAppApp.swift */ = {isa = PBXFileReference; lastKnownFileType = sourcecode.swift; path = PhotoEditAppApp.swift; sourceTree = "<group>"; };
		4E280D872DFD4E9B00D309D5 /* FreeformCropView.swift */ = {isa = PBXFileReference; lastKnownFileType = sourcecode.swift; path = FreeformCropView.swift; sourceTree = "<group>"; };
		4E280D892DFD4EB200D309D5 /* DrawingOverlay.swift */ = {isa = PBXFileReference; lastKnownFileType = sourcecode.swift; path = DrawingOverlay.swift; sourceTree = "<group>"; };
		4E280D8C2DFD54A500D309D5 /* AdvancedEditorView.swift */ = {isa = PBXFileReference; lastKnownFileType = sourcecode.swift; path = AdvancedEditorView.swift; sourceTree = "<group>"; };
		4E280D8F2DFD571500D309D5 /* StartView.swift */ = {isa = PBXFileReference; lastKnownFileType = sourcecode.swift; path = StartView.swift; sourceTree = "<group>"; };
		4E280D912DFD572E00D309D5 /* HomeView.swift */ = {isa = PBXFileReference; lastKnownFileType = sourcecode.swift; path = HomeView.swift; sourceTree = "<group>"; };
		4E280D932DFD576B00D309D5 /* CropView.swift */ = {isa = PBXFileReference; lastKnownFileType = sourcecode.swift; path = CropView.swift; sourceTree = "<group>"; };
		4E280D962DFD5BC200D309D5 /* TextOverlayView.swift */ = {isa = PBXFileReference; lastKnownFileType = sourcecode.swift; path = TextOverlayView.swift; sourceTree = "<group>"; };
		4E280D9B2DFD5CED00D309D5 /* SaturationView.swift */ = {isa = PBXFileReference; lastKnownFileType = sourcecode.swift; path = SaturationView.swift; sourceTree = "<group>"; };
		4E280D9E2DFD5D0F00D309D5 /* ShadowEffectView.swift */ = {isa = PBXFileReference; lastKnownFileType = sourcecode.swift; path = ShadowEffectView.swift; sourceTree = "<group>"; };
		4E280DA02DFD5D2600D309D5 /* BrightnessView.swift */ = {isa = PBXFileReference; lastKnownFileType = sourcecode.swift; path = BrightnessView.swift; sourceTree = "<group>"; };
		4E280DA42DFD5D9200D309D5 /* CoreDataManager.swift */ = {isa = PBXFileReference; lastKnownFileType = sourcecode.swift; path = CoreDataManager.swift; sourceTree = "<group>"; };
		4E280DA72DFD5DB100D309D5 /* SaveButtonView.swift */ = {isa = PBXFileReference; lastKnownFileType = sourcecode.swift; path = SaveButtonView.swift; sourceTree = "<group>"; };
		4E280DAA2DFD5DF500D309D5 /* SavedImagesView.swift */ = {isa = PBXFileReference; lastKnownFileType = sourcecode.swift; path = SavedImagesView.swift; sourceTree = "<group>"; };
		4E280DAD2DFD5EAB00D309D5 /* Model.xcdatamodel */ = {isa = PBXFileReference; lastKnownFileType = wrapper.xcdatamodel; path = Model.xcdatamodel; sourceTree = "<group>"; };
		4E280DB02DFD606D00D309D5 /* PhotoEditorViewModel.swift */ = {isa = PBXFileReference; lastKnownFileType = sourcecode.swift; path = PhotoEditorViewModel.swift; sourceTree = "<group>"; };
		4E280DB22DFD6A0A00D309D5 /* NeonButtonStyle.swift */ = {isa = PBXFileReference; lastKnownFileType = sourcecode.swift; path = NeonButtonStyle.swift; sourceTree = "<group>"; };
/* End PBXFileReference section */

/* Begin PBXFileSystemSynchronizedRootGroup section */
		4E280CF82DFD456400D309D5 /* PhotoEditAppTests */ = {
			isa = PBXFileSystemSynchronizedRootGroup;
			path = PhotoEditAppTests;
			sourceTree = "<group>";
		};
		4E280D022DFD456400D309D5 /* PhotoEditAppUITests */ = {
			isa = PBXFileSystemSynchronizedRootGroup;
			path = PhotoEditAppUITests;
			sourceTree = "<group>";
		};
/* End PBXFileSystemSynchronizedRootGroup section */

/* Begin PBXFrameworksBuildPhase section */
		4E280CE52DFD456000D309D5 /* Frameworks */ = {
			isa = PBXFrameworksBuildPhase;
			buildActionMask = 2147483647;
			files = (
			);
			runOnlyForDeploymentPostprocessing = 0;
		};
		4E280CF22DFD456400D309D5 /* Frameworks */ = {
			isa = PBXFrameworksBuildPhase;
			buildActionMask = 2147483647;
			files = (
			);
			runOnlyForDeploymentPostprocessing = 0;
		};
		4E280CFC2DFD456400D309D5 /* Frameworks */ = {
			isa = PBXFrameworksBuildPhase;
			buildActionMask = 2147483647;
			files = (
			);
			runOnlyForDeploymentPostprocessing = 0;
		};
/* End PBXFrameworksBuildPhase section */

/* Begin PBXGroup section */
		4E280CDF2DFD456000D309D5 = {
			isa = PBXGroup;
			children = (
				4E280D7E2DFD4D5F00D309D5 /* PhotoEditAppApp.swift */,
				4E280D7C2DFD4D5F00D309D5 /* ContentView.swift */,
				4E280D7F2DFD4D5F00D309D5 /* PhotoEditApp */,
				4E280CF82DFD456400D309D5 /* PhotoEditAppTests */,
				4E280D022DFD456400D309D5 /* PhotoEditAppUITests */,
				4E280CE92DFD456000D309D5 /* Products */,
			);
			sourceTree = "<group>";
		};
		4E280CE92DFD456000D309D5 /* Products */ = {
			isa = PBXGroup;
			children = (
				4E280CE82DFD456000D309D5 /* PhotoEditApp.app */,
				4E280CF52DFD456400D309D5 /* PhotoEditAppTests.xctest */,
				4E280CFF2DFD456400D309D5 /* PhotoEditAppUITests.xctest */,
			);
			name = Products;
			sourceTree = "<group>";
		};
		4E280D7F2DFD4D5F00D309D5 /* PhotoEditApp */ = {
			isa = PBXGroup;
			children = (
				4E280D7D2DFD4D5F00D309D5 /* ImagePicker.swift */,
				4E280D8E2DFD56FB00D309D5 /* StartPage */,
				4E280D852DFD4D7000D309D5 /* BlackWhite */,
				4E280D982DFD5BCD00D309D5 /* CropView */,
				4E280D952DFD5BB900D309D5 /* TextOverlayView */,
				4E280D9A2DFD5CDF00D309D5 /* SaturationView */,
				4E280D9D2DFD5D0100D309D5 /* ShadowEffectView */,
				4E280DA22DFD5D2E00D309D5 /* BrightnessView */,
				4E280DA62DFD5DA300D309D5 /* SaveButtonView */,
				4E280DA92DFD5DE900D309D5 /* SavedImagesView */,
				4E280DAF2DFD606000D309D5 /* PhotoEditorViewModel */,
				4E280DA32DFD5D7400D309D5 /* CoreDataManager */,
				4E280D8B2DFD549900D309D5 /* New Group */,
				4E280D7A2DFD4D5F00D309D5 /* Assets.xcassets */,
			);
			path = PhotoEditApp;
			sourceTree = "<group>";
		};
		4E280D852DFD4D7000D309D5 /* BlackWhite */ = {
			isa = PBXGroup;
			children = (
				4E280D7B2DFD4D5F00D309D5 /* BlackWhiteFilterView.swift */,
			);
			path = BlackWhite;
			sourceTree = "<group>";
		};
		4E280D862DFD4E7300D309D5 /* Crop Feature */ = {
			isa = PBXGroup;
			children = (
				4E280D872DFD4E9B00D309D5 /* FreeformCropView.swift */,
				4E280D892DFD4EB200D309D5 /* DrawingOverlay.swift */,
			);
			path = "Crop Feature";
			sourceTree = "<group>";
		};
		4E280D8B2DFD549900D309D5 /* New Group */ = {
			isa = PBXGroup;
			children = (
				4E280D8C2DFD54A500D309D5 /* AdvancedEditorView.swift */,
				4E280D862DFD4E7300D309D5 /* Crop Feature */,
			);
			path = "New Group";
			sourceTree = "<group>";
		};
		4E280D8E2DFD56FB00D309D5 /* StartPage */ = {
			isa = PBXGroup;
			children = (
				4E280D8F2DFD571500D309D5 /* StartView.swift */,
				4E280D912DFD572E00D309D5 /* HomeView.swift */,
			);
			path = StartPage;
			sourceTree = "<group>";
		};
		4E280D952DFD5BB900D309D5 /* TextOverlayView */ = {
			isa = PBXGroup;
			children = (
				4E280D962DFD5BC200D309D5 /* TextOverlayView.swift */,
			);
			path = TextOverlayView;
			sourceTree = "<group>";
		};
		4E280D982DFD5BCD00D309D5 /* CropView */ = {
			isa = PBXGroup;
			children = (
				4E280D932DFD576B00D309D5 /* CropView.swift */,
			);
			path = CropView;
			sourceTree = "<group>";
		};
		4E280D9A2DFD5CDF00D309D5 /* SaturationView */ = {
			isa = PBXGroup;
			children = (
				4E280D9B2DFD5CED00D309D5 /* SaturationView.swift */,
			);
			path = SaturationView;
			sourceTree = "<group>";
		};
		4E280D9D2DFD5D0100D309D5 /* ShadowEffectView */ = {
			isa = PBXGroup;
			children = (
				4E280D9E2DFD5D0F00D309D5 /* ShadowEffectView.swift */,
			);
			path = ShadowEffectView;
			sourceTree = "<group>";
		};
		4E280DA22DFD5D2E00D309D5 /* BrightnessView */ = {
			isa = PBXGroup;
			children = (
				4E280DA02DFD5D2600D309D5 /* BrightnessView.swift */,
			);
			path = BrightnessView;
			sourceTree = "<group>";
		};
		4E280DA32DFD5D7400D309D5 /* CoreDataManager */ = {
			isa = PBXGroup;
			children = (
				4E280DA42DFD5D9200D309D5 /* CoreDataManager.swift */,
				4E280DAC2DFD5EAB00D309D5 /* Model.xcdatamodeld */,
			);
			path = CoreDataManager;
			sourceTree = "<group>";
		};
		4E280DA62DFD5DA300D309D5 /* SaveButtonView */ = {
			isa = PBXGroup;
			children = (
				4E280DA72DFD5DB100D309D5 /* SaveButtonView.swift */,
				4E280DB22DFD6A0A00D309D5 /* NeonButtonStyle.swift */,
			);
			path = SaveButtonView;
			sourceTree = "<group>";
		};
		4E280DA92DFD5DE900D309D5 /* SavedImagesView */ = {
			isa = PBXGroup;
			children = (
				4E280DAA2DFD5DF500D309D5 /* SavedImagesView.swift */,
			);
			path = SavedImagesView;
			sourceTree = "<group>";
		};
		4E280DAF2DFD606000D309D5 /* PhotoEditorViewModel */ = {
			isa = PBXGroup;
			children = (
				4E280DB02DFD606D00D309D5 /* PhotoEditorViewModel.swift */,
			);
			path = PhotoEditorViewModel;
			sourceTree = "<group>";
		};
/* End PBXGroup section */

/* Begin PBXNativeTarget section */
		4E280CE72DFD456000D309D5 /* PhotoEditApp */ = {
			isa = PBXNativeTarget;
			buildConfigurationList = 4E280D092DFD456400D309D5 /* Build configuration list for PBXNativeTarget "PhotoEditApp" */;
			buildPhases = (
				4E280CE42DFD456000D309D5 /* Sources */,
				4E280CE52DFD456000D309D5 /* Frameworks */,
				4E280CE62DFD456000D309D5 /* Resources */,
			);
			buildRules = (
			);
			dependencies = (
			);
			name = PhotoEditApp;
			packageProductDependencies = (
			);
			productName = PhotoEditApp;
			productReference = 4E280CE82DFD456000D309D5 /* PhotoEditApp.app */;
			productType = "com.apple.product-type.application";
		};
		4E280CF42DFD456400D309D5 /* PhotoEditAppTests */ = {
			isa = PBXNativeTarget;
			buildConfigurationList = 4E280D0C2DFD456400D309D5 /* Build configuration list for PBXNativeTarget "PhotoEditAppTests" */;
			buildPhases = (
				4E280CF12DFD456400D309D5 /* Sources */,
				4E280CF22DFD456400D309D5 /* Frameworks */,
				4E280CF32DFD456400D309D5 /* Resources */,
			);
			buildRules = (
			);
			dependencies = (
				4E280CF72DFD456400D309D5 /* PBXTargetDependency */,
			);
			fileSystemSynchronizedGroups = (
				4E280CF82DFD456400D309D5 /* PhotoEditAppTests */,
			);
			name = PhotoEditAppTests;
			packageProductDependencies = (
			);
			productName = PhotoEditAppTests;
			productReference = 4E280CF52DFD456400D309D5 /* PhotoEditAppTests.xctest */;
			productType = "com.apple.product-type.bundle.unit-test";
		};
		4E280CFE2DFD456400D309D5 /* PhotoEditAppUITests */ = {
			isa = PBXNativeTarget;
			buildConfigurationList = 4E280D0F2DFD456400D309D5 /* Build configuration list for PBXNativeTarget "PhotoEditAppUITests" */;
			buildPhases = (
				4E280CFB2DFD456400D309D5 /* Sources */,
				4E280CFC2DFD456400D309D5 /* Frameworks */,
				4E280CFD2DFD456400D309D5 /* Resources */,
			);
			buildRules = (
			);
			dependencies = (
				4E280D012DFD456400D309D5 /* PBXTargetDependency */,
			);
			fileSystemSynchronizedGroups = (
				4E280D022DFD456400D309D5 /* PhotoEditAppUITests */,
			);
			name = PhotoEditAppUITests;
			packageProductDependencies = (
			);
			productName = PhotoEditAppUITests;
			productReference = 4E280CFF2DFD456400D309D5 /* PhotoEditAppUITests.xctest */;
			productType = "com.apple.product-type.bundle.ui-testing";
		};
/* End PBXNativeTarget section */

/* Begin PBXProject section */
		4E280CE02DFD456000D309D5 /* Project object */ = {
			isa = PBXProject;
			attributes = {
				BuildIndependentTargetsInParallel = 1;
				LastSwiftUpdateCheck = 1640;
				LastUpgradeCheck = 1640;
				TargetAttributes = {
					4E280CE72DFD456000D309D5 = {
						CreatedOnToolsVersion = 16.4;
					};
					4E280CF42DFD456400D309D5 = {
						CreatedOnToolsVersion = 16.4;
						TestTargetID = 4E280CE72DFD456000D309D5;
					};
					4E280CFE2DFD456400D309D5 = {
						CreatedOnToolsVersion = 16.4;
						TestTargetID = 4E280CE72DFD456000D309D5;
					};
				};
			};
			buildConfigurationList = 4E280CE32DFD456000D309D5 /* Build configuration list for PBXProject "PhotoEditApp" */;
			developmentRegion = en;
			hasScannedForEncodings = 0;
			knownRegions = (
				en,
				Base,
			);
			mainGroup = 4E280CDF2DFD456000D309D5;
			minimizedProjectReferenceProxies = 1;
			preferredProjectObjectVersion = 77;
			productRefGroup = 4E280CE92DFD456000D309D5 /* Products */;
			projectDirPath = "";
			projectRoot = "";
			targets = (
				4E280CE72DFD456000D309D5 /* PhotoEditApp */,
				4E280CF42DFD456400D309D5 /* PhotoEditAppTests */,
				4E280CFE2DFD456400D309D5 /* PhotoEditAppUITests */,
			);
		};
/* End PBXProject section */

/* Begin PBXResourcesBuildPhase section */
		4E280CE62DFD456000D309D5 /* Resources */ = {
			isa = PBXResourcesBuildPhase;
			buildActionMask = 2147483647;
			files = (
				4E280D842DFD4D5F00D309D5 /* Assets.xcassets in Resources */,
			);
			runOnlyForDeploymentPostprocessing = 0;
		};
		4E280CF32DFD456400D309D5 /* Resources */ = {
			isa = PBXResourcesBuildPhase;
			buildActionMask = 2147483647;
			files = (
			);
			runOnlyForDeploymentPostprocessing = 0;
		};
		4E280CFD2DFD456400D309D5 /* Resources */ = {
			isa = PBXResourcesBuildPhase;
			buildActionMask = 2147483647;
			files = (
			);
			runOnlyForDeploymentPostprocessing = 0;
		};
/* End PBXResourcesBuildPhase section */

/* Begin PBXSourcesBuildPhase section */
		4E280CE42DFD456000D309D5 /* Sources */ = {
			isa = PBXSourcesBuildPhase;
			buildActionMask = 2147483647;
			files = (
				4E280D942DFD576B00D309D5 /* CropView.swift in Sources */,
				4E280DA12DFD5D2600D309D5 /* BrightnessView.swift in Sources */,
				4E280D922DFD572E00D309D5 /* HomeView.swift in Sources */,
				4E280DA52DFD5D9200D309D5 /* CoreDataManager.swift in Sources */,
				4E280DAB2DFD5DF500D309D5 /* SavedImagesView.swift in Sources */,
				4E280DAE2DFD5EAB00D309D5 /* Model.xcdatamodeld in Sources */,
				4E280D802DFD4D5F00D309D5 /* BlackWhiteFilterView.swift in Sources */,
				4E280DA82DFD5DB100D309D5 /* SaveButtonView.swift in Sources */,
				4E280D8A2DFD4EB200D309D5 /* DrawingOverlay.swift in Sources */,
				4E280D9C2DFD5CED00D309D5 /* SaturationView.swift in Sources */,
				4E280D8D2DFD54A500D309D5 /* AdvancedEditorView.swift in Sources */,
				4E280D9F2DFD5D0F00D309D5 /* ShadowEffectView.swift in Sources */,
				4E280D902DFD571500D309D5 /* StartView.swift in Sources */,
				4E280D882DFD4E9B00D309D5 /* FreeformCropView.swift in Sources */,
				4E280D812DFD4D5F00D309D5 /* ContentView.swift in Sources */,
				4E280D972DFD5BC200D309D5 /* TextOverlayView.swift in Sources */,
				4E280DB12DFD606D00D309D5 /* PhotoEditorViewModel.swift in Sources */,
				4E280DB32DFD6A0A00D309D5 /* NeonButtonStyle.swift in Sources */,
				4E280D822DFD4D5F00D309D5 /* ImagePicker.swift in Sources */,
				4E280D832DFD4D5F00D309D5 /* PhotoEditAppApp.swift in Sources */,
			);
			runOnlyForDeploymentPostprocessing = 0;
		};
		4E280CF12DFD456400D309D5 /* Sources */ = {
			isa = PBXSourcesBuildPhase;
			buildActionMask = 2147483647;
			files = (
			);
			runOnlyForDeploymentPostprocessing = 0;
		};
		4E280CFB2DFD456400D309D5 /* Sources */ = {
			isa = PBXSourcesBuildPhase;
			buildActionMask = 2147483647;
			files = (
			);
			runOnlyForDeploymentPostprocessing = 0;
		};
/* End PBXSourcesBuildPhase section */

/* Begin PBXTargetDependency section */
		4E280CF72DFD456400D309D5 /* PBXTargetDependency */ = {
			isa = PBXTargetDependency;
			target = 4E280CE72DFD456000D309D5 /* PhotoEditApp */;
			targetProxy = 4E280CF62DFD456400D309D5 /* PBXContainerItemProxy */;
		};
		4E280D012DFD456400D309D5 /* PBXTargetDependency */ = {
			isa = PBXTargetDependency;
			target = 4E280CE72DFD456000D309D5 /* PhotoEditApp */;
			targetProxy = 4E280D002DFD456400D309D5 /* PBXContainerItemProxy */;
		};
/* End PBXTargetDependency section */

/* Begin XCBuildConfiguration section */
		4E280D072DFD456400D309D5 /* Debug */ = {
			isa = XCBuildConfiguration;
			buildSettings = {
				ALWAYS_SEARCH_USER_PATHS = NO;
				ASSETCATALOG_COMPILER_GENERATE_SWIFT_ASSET_SYMBOL_EXTENSIONS = YES;
				CLANG_ANALYZER_NONNULL = YES;
				CLANG_ANALYZER_NUMBER_OBJECT_CONVERSION = YES_AGGRESSIVE;
				CLANG_CXX_LANGUAGE_STANDARD = "gnu++20";
				CLANG_ENABLE_MODULES = YES;
				CLANG_ENABLE_OBJC_ARC = YES;
				CLANG_ENABLE_OBJC_WEAK = YES;
				CLANG_WARN_BLOCK_CAPTURE_AUTORELEASING = YES;
				CLANG_WARN_BOOL_CONVERSION = YES;
				CLANG_WARN_COMMA = YES;
				CLANG_WARN_CONSTANT_CONVERSION = YES;
				CLANG_WARN_DEPRECATED_OBJC_IMPLEMENTATIONS = YES;
				CLANG_WARN_DIRECT_OBJC_ISA_USAGE = YES_ERROR;
				CLANG_WARN_DOCUMENTATION_COMMENTS = YES;
				CLANG_WARN_EMPTY_BODY = YES;
				CLANG_WARN_ENUM_CONVERSION = YES;
				CLANG_WARN_INFINITE_RECURSION = YES;
				CLANG_WARN_INT_CONVERSION = YES;
				CLANG_WARN_NON_LITERAL_NULL_CONVERSION = YES;
				CLANG_WARN_OBJC_IMPLICIT_RETAIN_SELF = YES;
				CLANG_WARN_OBJC_LITERAL_CONVERSION = YES;
				CLANG_WARN_OBJC_ROOT_CLASS = YES_ERROR;
				CLANG_WARN_QUOTED_INCLUDE_IN_FRAMEWORK_HEADER = YES;
				CLANG_WARN_RANGE_LOOP_ANALYSIS = YES;
				CLANG_WARN_STRICT_PROTOTYPES = YES;
				CLANG_WARN_SUSPICIOUS_MOVE = YES;
				CLANG_WARN_UNGUARDED_AVAILABILITY = YES_AGGRESSIVE;
				CLANG_WARN_UNREACHABLE_CODE = YES;
				CLANG_WARN__DUPLICATE_METHOD_MATCH = YES;
				COPY_PHASE_STRIP = NO;
				DEBUG_INFORMATION_FORMAT = dwarf;
				DEVELOPMENT_TEAM = H2C4R2VE3A;
				ENABLE_STRICT_OBJC_MSGSEND = YES;
				ENABLE_TESTABILITY = YES;
				ENABLE_USER_SCRIPT_SANDBOXING = YES;
				GCC_C_LANGUAGE_STANDARD = gnu17;
				GCC_DYNAMIC_NO_PIC = NO;
				GCC_NO_COMMON_BLOCKS = YES;
				GCC_OPTIMIZATION_LEVEL = 0;
				GCC_PREPROCESSOR_DEFINITIONS = (
					"DEBUG=1",
					"$(inherited)",
				);
				GCC_WARN_64_TO_32_BIT_CONVERSION = YES;
				GCC_WARN_ABOUT_RETURN_TYPE = YES_ERROR;
				GCC_WARN_UNDECLARED_SELECTOR = YES;
				GCC_WARN_UNINITIALIZED_AUTOS = YES_AGGRESSIVE;
				GCC_WARN_UNUSED_FUNCTION = YES;
				GCC_WARN_UNUSED_VARIABLE = YES;
				IPHONEOS_DEPLOYMENT_TARGET = 18.5;
				LOCALIZATION_PREFERS_STRING_CATALOGS = YES;
				MTL_ENABLE_DEBUG_INFO = INCLUDE_SOURCE;
				MTL_FAST_MATH = YES;
				ONLY_ACTIVE_ARCH = YES;
				SDKROOT = iphoneos;
				SWIFT_ACTIVE_COMPILATION_CONDITIONS = "DEBUG $(inherited)";
				SWIFT_OPTIMIZATION_LEVEL = "-Onone";
			};
			name = Debug;
		};
		4E280D082DFD456400D309D5 /* Release */ = {
			isa = XCBuildConfiguration;
			buildSettings = {
				ALWAYS_SEARCH_USER_PATHS = NO;
				ASSETCATALOG_COMPILER_GENERATE_SWIFT_ASSET_SYMBOL_EXTENSIONS = YES;
				CLANG_ANALYZER_NONNULL = YES;
				CLANG_ANALYZER_NUMBER_OBJECT_CONVERSION = YES_AGGRESSIVE;
				CLANG_CXX_LANGUAGE_STANDARD = "gnu++20";
				CLANG_ENABLE_MODULES = YES;
				CLANG_ENABLE_OBJC_ARC = YES;
				CLANG_ENABLE_OBJC_WEAK = YES;
				CLANG_WARN_BLOCK_CAPTURE_AUTORELEASING = YES;
				CLANG_WARN_BOOL_CONVERSION = YES;
				CLANG_WARN_COMMA = YES;
				CLANG_WARN_CONSTANT_CONVERSION = YES;
				CLANG_WARN_DEPRECATED_OBJC_IMPLEMENTATIONS = YES;
				CLANG_WARN_DIRECT_OBJC_ISA_USAGE = YES_ERROR;
				CLANG_WARN_DOCUMENTATION_COMMENTS = YES;
				CLANG_WARN_EMPTY_BODY = YES;
				CLANG_WARN_ENUM_CONVERSION = YES;
				CLANG_WARN_INFINITE_RECURSION = YES;
				CLANG_WARN_INT_CONVERSION = YES;
				CLANG_WARN_NON_LITERAL_NULL_CONVERSION = YES;
				CLANG_WARN_OBJC_IMPLICIT_RETAIN_SELF = YES;
				CLANG_WARN_OBJC_LITERAL_CONVERSION = YES;
				CLANG_WARN_OBJC_ROOT_CLASS = YES_ERROR;
				CLANG_WARN_QUOTED_INCLUDE_IN_FRAMEWORK_HEADER = YES;
				CLANG_WARN_RANGE_LOOP_ANALYSIS = YES;
				CLANG_WARN_STRICT_PROTOTYPES = YES;
				CLANG_WARN_SUSPICIOUS_MOVE = YES;
				CLANG_WARN_UNGUARDED_AVAILABILITY = YES_AGGRESSIVE;
				CLANG_WARN_UNREACHABLE_CODE = YES;
				CLANG_WARN__DUPLICATE_METHOD_MATCH = YES;
				COPY_PHASE_STRIP = NO;
				DEBUG_INFORMATION_FORMAT = "dwarf-with-dsym";
				DEVELOPMENT_TEAM = H2C4R2VE3A;
				ENABLE_NS_ASSERTIONS = NO;
				ENABLE_STRICT_OBJC_MSGSEND = YES;
				ENABLE_USER_SCRIPT_SANDBOXING = YES;
				GCC_C_LANGUAGE_STANDARD = gnu17;
				GCC_NO_COMMON_BLOCKS = YES;
				GCC_WARN_64_TO_32_BIT_CONVERSION = YES;
				GCC_WARN_ABOUT_RETURN_TYPE = YES_ERROR;
				GCC_WARN_UNDECLARED_SELECTOR = YES;
				GCC_WARN_UNINITIALIZED_AUTOS = YES_AGGRESSIVE;
				GCC_WARN_UNUSED_FUNCTION = YES;
				GCC_WARN_UNUSED_VARIABLE = YES;
				IPHONEOS_DEPLOYMENT_TARGET = 18.5;
				LOCALIZATION_PREFERS_STRING_CATALOGS = YES;
				MTL_ENABLE_DEBUG_INFO = NO;
				MTL_FAST_MATH = YES;
				SDKROOT = iphoneos;
				SWIFT_COMPILATION_MODE = wholemodule;
				VALIDATE_PRODUCT = YES;
			};
			name = Release;
		};
		4E280D0A2DFD456400D309D5 /* Debug */ = {
			isa = XCBuildConfiguration;
			buildSettings = {
				ALWAYS_EMBED_SWIFT_STANDARD_LIBRARIES = YES;
				ASSETCATALOG_COMPILER_APPICON_NAME = AppIcon;
				ASSETCATALOG_COMPILER_GLOBAL_ACCENT_COLOR_NAME = AccentColor;
				CODE_SIGN_STYLE = Automatic;
				CURRENT_PROJECT_VERSION = 1;
				DEVELOPMENT_TEAM = H2C4R2VE3A;
				ENABLE_PREVIEWS = YES;
				GENERATE_INFOPLIST_FILE = YES;
				INFOPLIST_KEY_UIApplicationSceneManifest_Generation = YES;
				INFOPLIST_KEY_UIApplicationSupportsIndirectInputEvents = YES;
				INFOPLIST_KEY_UILaunchScreen_Generation = YES;
				INFOPLIST_KEY_UISupportedInterfaceOrientations_iPad = "UIInterfaceOrientationPortrait UIInterfaceOrientationPortraitUpsideDown UIInterfaceOrientationLandscapeLeft UIInterfaceOrientationLandscapeRight";
				INFOPLIST_KEY_UISupportedInterfaceOrientations_iPhone = "UIInterfaceOrientationPortrait UIInterfaceOrientationLandscapeLeft UIInterfaceOrientationLandscapeRight";
				IPHONEOS_DEPLOYMENT_TARGET = 16.6;
				LD_RUNPATH_SEARCH_PATHS = (
					"$(inherited)",
					"@executable_path/Frameworks",
				);
				MARKETING_VERSION = 1.0;
				PRODUCT_BUNDLE_IDENTIFIER = com.JustCheck.PhotoEditApp;
				PRODUCT_NAME = "$(TARGET_NAME)";
				SWIFT_EMIT_LOC_STRINGS = YES;
				SWIFT_VERSION = 5.0;
				TARGETED_DEVICE_FAMILY = "1,2";
			};
			name = Debug;
		};
		4E280D0B2DFD456400D309D5 /* Release */ = {
			isa = XCBuildConfiguration;
			buildSettings = {
				ALWAYS_EMBED_SWIFT_STANDARD_LIBRARIES = YES;
				ASSETCATALOG_COMPILER_APPICON_NAME = AppIcon;
				ASSETCATALOG_COMPILER_GLOBAL_ACCENT_COLOR_NAME = AccentColor;
				CODE_SIGN_STYLE = Automatic;
				CURRENT_PROJECT_VERSION = 1;
				DEVELOPMENT_TEAM = H2C4R2VE3A;
				ENABLE_PREVIEWS = YES;
				GENERATE_INFOPLIST_FILE = YES;
				INFOPLIST_KEY_UIApplicationSceneManifest_Generation = YES;
				INFOPLIST_KEY_UIApplicationSupportsIndirectInputEvents = YES;
				INFOPLIST_KEY_UILaunchScreen_Generation = YES;
				INFOPLIST_KEY_UISupportedInterfaceOrientations_iPad = "UIInterfaceOrientationPortrait UIInterfaceOrientationPortraitUpsideDown UIInterfaceOrientationLandscapeLeft UIInterfaceOrientationLandscapeRight";
				INFOPLIST_KEY_UISupportedInterfaceOrientations_iPhone = "UIInterfaceOrientationPortrait UIInterfaceOrientationLandscapeLeft UIInterfaceOrientationLandscapeRight";
				IPHONEOS_DEPLOYMENT_TARGET = 16.6;
				LD_RUNPATH_SEARCH_PATHS = (
					"$(inherited)",
					"@executable_path/Frameworks",
				);
				MARKETING_VERSION = 1.0;
				PRODUCT_BUNDLE_IDENTIFIER = com.JustCheck.PhotoEditApp;
				PRODUCT_NAME = "$(TARGET_NAME)";
				SWIFT_EMIT_LOC_STRINGS = YES;
				SWIFT_VERSION = 5.0;
				TARGETED_DEVICE_FAMILY = "1,2";
			};
			name = Release;
		};
		4E280D0D2DFD456400D309D5 /* Debug */ = {
			isa = XCBuildConfiguration;
			buildSettings = {
				BUNDLE_LOADER = "$(TEST_HOST)";
				CODE_SIGN_STYLE = Automatic;
				CURRENT_PROJECT_VERSION = 1;
				DEVELOPMENT_TEAM = H2C4R2VE3A;
				GENERATE_INFOPLIST_FILE = YES;
				IPHONEOS_DEPLOYMENT_TARGET = 18.5;
				MARKETING_VERSION = 1.0;
				PRODUCT_BUNDLE_IDENTIFIER = com.JustCheck.PhotoEditAppTests;
				PRODUCT_NAME = "$(TARGET_NAME)";
				SWIFT_EMIT_LOC_STRINGS = NO;
				SWIFT_VERSION = 5.0;
				TARGETED_DEVICE_FAMILY = "1,2";
				TEST_HOST = "$(BUILT_PRODUCTS_DIR)/PhotoEditApp.app/$(BUNDLE_EXECUTABLE_FOLDER_PATH)/PhotoEditApp";
			};
			name = Debug;
		};
		4E280D0E2DFD456400D309D5 /* Release */ = {
			isa = XCBuildConfiguration;
			buildSettings = {
				BUNDLE_LOADER = "$(TEST_HOST)";
				CODE_SIGN_STYLE = Automatic;
				CURRENT_PROJECT_VERSION = 1;
				DEVELOPMENT_TEAM = H2C4R2VE3A;
				GENERATE_INFOPLIST_FILE = YES;
				IPHONEOS_DEPLOYMENT_TARGET = 18.5;
				MARKETING_VERSION = 1.0;
				PRODUCT_BUNDLE_IDENTIFIER = com.JustCheck.PhotoEditAppTests;
				PRODUCT_NAME = "$(TARGET_NAME)";
				SWIFT_EMIT_LOC_STRINGS = NO;
				SWIFT_VERSION = 5.0;
				TARGETED_DEVICE_FAMILY = "1,2";
				TEST_HOST = "$(BUILT_PRODUCTS_DIR)/PhotoEditApp.app/$(BUNDLE_EXECUTABLE_FOLDER_PATH)/PhotoEditApp";
			};
			name = Release;
		};
		4E280D102DFD456400D309D5 /* Debug */ = {
			isa = XCBuildConfiguration;
			buildSettings = {
				CODE_SIGN_STYLE = Automatic;
				CURRENT_PROJECT_VERSION = 1;
				DEVELOPMENT_TEAM = H2C4R2VE3A;
				GENERATE_INFOPLIST_FILE = YES;
				MARKETING_VERSION = 1.0;
				PRODUCT_BUNDLE_IDENTIFIER = com.JustCheck.PhotoEditAppUITests;
				PRODUCT_NAME = "$(TARGET_NAME)";
				SWIFT_EMIT_LOC_STRINGS = NO;
				SWIFT_VERSION = 5.0;
				TARGETED_DEVICE_FAMILY = "1,2";
				TEST_TARGET_NAME = PhotoEditApp;
			};
			name = Debug;
		};
		4E280D112DFD456400D309D5 /* Release */ = {
			isa = XCBuildConfiguration;
			buildSettings = {
				CODE_SIGN_STYLE = Automatic;
				CURRENT_PROJECT_VERSION = 1;
				DEVELOPMENT_TEAM = H2C4R2VE3A;
				GENERATE_INFOPLIST_FILE = YES;
				MARKETING_VERSION = 1.0;
				PRODUCT_BUNDLE_IDENTIFIER = com.JustCheck.PhotoEditAppUITests;
				PRODUCT_NAME = "$(TARGET_NAME)";
				SWIFT_EMIT_LOC_STRINGS = NO;
				SWIFT_VERSION = 5.0;
				TARGETED_DEVICE_FAMILY = "1,2";
				TEST_TARGET_NAME = PhotoEditApp;
			};
			name = Release;
		};
/* End XCBuildConfiguration section */

/* Begin XCConfigurationList section */
		4E280CE32DFD456000D309D5 /* Build configuration list for PBXProject "PhotoEditApp" */ = {
			isa = XCConfigurationList;
			buildConfigurations = (
				4E280D072DFD456400D309D5 /* Debug */,
				4E280D082DFD456400D309D5 /* Release */,
			);
			defaultConfigurationIsVisible = 0;
			defaultConfigurationName = Release;
		};
		4E280D092DFD456400D309D5 /* Build configuration list for PBXNativeTarget "PhotoEditApp" */ = {
			isa = XCConfigurationList;
			buildConfigurations = (
				4E280D0A2DFD456400D309D5 /* Debug */,
				4E280D0B2DFD456400D309D5 /* Release */,
			);
			defaultConfigurationIsVisible = 0;
			defaultConfigurationName = Release;
		};
		4E280D0C2DFD456400D309D5 /* Build configuration list for PBXNativeTarget "PhotoEditAppTests" */ = {
			isa = XCConfigurationList;
			buildConfigurations = (
				4E280D0D2DFD456400D309D5 /* Debug */,
				4E280D0E2DFD456400D309D5 /* Release */,
			);
			defaultConfigurationIsVisible = 0;
			defaultConfigurationName = Release;
		};
		4E280D0F2DFD456400D309D5 /* Build configuration list for PBXNativeTarget "PhotoEditAppUITests" */ = {
			isa = XCConfigurationList;
			buildConfigurations = (
				4E280D102DFD456400D309D5 /* Debug */,
				4E280D112DFD456400D309D5 /* Release */,
			);
			defaultConfigurationIsVisible = 0;
			defaultConfigurationName = Release;
		};
/* End XCConfigurationList section */

/* Begin XCVersionGroup section */
		4E280DAC2DFD5EAB00D309D5 /* Model.xcdatamodeld */ = {
			isa = XCVersionGroup;
			children = (
				4E280DAD2DFD5EAB00D309D5 /* Model.xcdatamodel */,
			);
			currentVersion = 4E280DAD2DFD5EAB00D309D5 /* Model.xcdatamodel */;
			path = Model.xcdatamodeld;
			sourceTree = "<group>";
			versionGroupType = wrapper.xcdatamodel;
		};
/* End XCVersionGroup section */
	};
	rootObject = 4E280CE02DFD456000D309D5 /* Project object */;
}
